
Microsoft Visual Studio Solution File, Format Version 12.00
# Visual Studio 15
VisualStudioVersion = 15.0.28307.106
MinimumVisualStudioVersion = 10.0.40219.1
Project("{FAE04EC0-301F-11D3-BF4B-00C04F79EFBC}") = "KFC.Red.UnitTest", "KFC.Red.UnitTest\KFC.Red.UnitTest.csproj", "{DA715C19-AB21-4F03-BC41-DBE636042736}"
EndProject
Project("{FAE04EC0-301F-11D3-BF4B-00C04F79EFBC}") = "KFC.Red.DataAccessLayer", "KFC.Red.DataAccessLayer\KFC.Red.DataAccessLayer.csproj", "{0CAD09C9-11E0-4EEE-AD4B-7CC77E305BEC}"
EndProject
Project("{FAE04EC0-301F-11D3-BF4B-00C04F79EFBC}") = "KFC.Red.ManagerLayer", "KFC.Red.ManagerLayer\KFC.Red.ManagerLayer.csproj", "{28413BF6-B380-4010-84E1-7A94A8C43726}"
EndProject
Project("{FAE04EC0-301F-11D3-BF4B-00C04F79EFBC}") = "KFC.Red.ServiceLayer", "KFC.Red.ServiceLayer\KFC.Red.ServiceLayer.csproj", "{2F63F058-8142-4A19-B37A-3BC7A382279F}"
EndProject
Project("{FAE04EC0-301F-11D3-BF4B-00C04F79EFBC}") = "KFC.Red.DBate.WebAPI", "KFC.Red.DBate.WebAPI\KFC.Red.DBate.WebAPI.csproj", "{FEE11A05-D0F7-482B-A1DD-6E9D29E92859}"
EndProject
Project("{FAE04EC0-301F-11D3-BF4B-00C04F79EFBC}") = "KFC.Red.Dbate.Logging", "KFC.Red.Dbate.Logging\KFC.Red.Dbate.Logging.csproj", "{DAAC43CB-A305-4044-B113-28EEE0EFAF7D}"
EndProject
Global
	GlobalSection(SolutionConfigurationPlatforms) = preSolution
		Debug|Any CPU = Debug|Any CPU
		Release|Any CPU = Release|Any CPU
	EndGlobalSection
	GlobalSection(ProjectConfigurationPlatforms) = postSolution
		{DA715C19-AB21-4F03-BC41-DBE636042736}.Debug|Any CPU.ActiveCfg = Debug|Any CPU
		{DA715C19-AB21-4F03-BC41-DBE636042736}.Debug|Any CPU.Build.0 = Debug|Any CPU
		{DA715C19-AB21-4F03-BC41-DBE636042736}.Release|Any CPU.ActiveCfg = Release|Any CPU
		{DA715C19-AB21-4F03-BC41-DBE636042736}.Release|Any CPU.Build.0 = Release|Any CPU
		{0CAD09C9-11E0-4EEE-AD4B-7CC77E305BEC}.Debug|Any CPU.ActiveCfg = Debug|Any CPU
		{0CAD09C9-11E0-4EEE-AD4B-7CC77E305BEC}.Debug|Any CPU.Build.0 = Debug|Any CPU
		{0CAD09C9-11E0-4EEE-AD4B-7CC77E305BEC}.Release|Any CPU.ActiveCfg = Release|Any CPU
		{0CAD09C9-11E0-4EEE-AD4B-7CC77E305BEC}.Release|Any CPU.Build.0 = Release|Any CPU
		{28413BF6-B380-4010-84E1-7A94A8C43726}.Debug|Any CPU.ActiveCfg = Debug|Any CPU
		{28413BF6-B380-4010-84E1-7A94A8C43726}.Debug|Any CPU.Build.0 = Debug|Any CPU
		{28413BF6-B380-4010-84E1-7A94A8C43726}.Release|Any CPU.ActiveCfg = Release|Any CPU
		{28413BF6-B380-4010-84E1-7A94A8C43726}.Release|Any CPU.Build.0 = Release|Any CPU
		{2F63F058-8142-4A19-B37A-3BC7A382279F}.Debug|Any CPU.ActiveCfg = Debug|Any CPU
		{2F63F058-8142-4A19-B37A-3BC7A382279F}.Debug|Any CPU.Build.0 = Debug|Any CPU
		{2F63F058-8142-4A19-B37A-3BC7A382279F}.Release|Any CPU.ActiveCfg = Release|Any CPU
		{2F63F058-8142-4A19-B37A-3BC7A382279F}.Release|Any CPU.Build.0 = Release|Any CPU
		{FEE11A05-D0F7-482B-A1DD-6E9D29E92859}.Debug|Any CPU.ActiveCfg = Debug|Any CPU
		{FEE11A05-D0F7-482B-A1DD-6E9D29E92859}.Debug|Any CPU.Build.0 = Debug|Any CPU
		{FEE11A05-D0F7-482B-A1DD-6E9D29E92859}.Release|Any CPU.ActiveCfg = Release|Any CPU
		{FEE11A05-D0F7-482B-A1DD-6E9D29E92859}.Release|Any CPU.Build.0 = Release|Any CPU
		{DAAC43CB-A305-4044-B113-28EEE0EFAF7D}.Debug|Any CPU.ActiveCfg = Debug|Any CPU
		{DAAC43CB-A305-4044-B113-28EEE0EFAF7D}.Debug|Any CPU.Build.0 = Debug|Any CPU
		{DAAC43CB-A305-4044-B113-28EEE0EFAF7D}.Release|Any CPU.ActiveCfg = Release|Any CPU
		{DAAC43CB-A305-4044-B113-28EEE0EFAF7D}.Release|Any CPU.Build.0 = Release|Any CPU
	EndGlobalSection
	GlobalSection(SolutionProperties) = preSolution
		HideSolutionNode = FALSE
	EndGlobalSection
	GlobalSection(ExtensibilityGlobals) = postSolution
		SolutionGuid = {8706B22B-16B5-4674-8CF7-A857878D8B94}
	EndGlobalSection
EndGlobal
